// !$*UTF8*$!
{
	archiveVersion = 1;
	classes = {
	};
	objectVersion = 46;
	objects = {

/* Begin PBXBuildFile section */
		86884EE51B43D0960012BD68 /* MeizhiCell.m in Sources */ = {isa = PBXBuildFile; fileRef = 86884EE41B43D0960012BD68 /* MeizhiCell.m */; };
		86884EEB1B43DE530012BD68 /* MeizhiCollectionViewController.m in Sources */ = {isa = PBXBuildFile; fileRef = 86884EEA1B43DE530012BD68 /* MeizhiCollectionViewController.m */; };
		86F543891B43AC8A00DCE289 /* main.m in Sources */ = {isa = PBXBuildFile; fileRef = 86F543881B43AC8A00DCE289 /* main.m */; };
		86F5438C1B43AC8A00DCE289 /* AppDelegate.m in Sources */ = {isa = PBXBuildFile; fileRef = 86F5438B1B43AC8A00DCE289 /* AppDelegate.m */; };
		86F5438F1B43AC8A00DCE289 /* Meizhi.xcdatamodeld in Sources */ = {isa = PBXBuildFile; fileRef = 86F5438D1B43AC8A00DCE289 /* Meizhi.xcdatamodeld */; };
		86F543951B43AC8A00DCE289 /* DetailViewController.m in Sources */ = {isa = PBXBuildFile; fileRef = 86F543941B43AC8A00DCE289 /* DetailViewController.m */; };
		86F5439A1B43AC8A00DCE289 /* Images.xcassets in Resources */ = {isa = PBXBuildFile; fileRef = 86F543991B43AC8A00DCE289 /* Images.xcassets */; };
		86F5439D1B43AC8A00DCE289 /* LaunchScreen.xib in Resources */ = {isa = PBXBuildFile; fileRef = 86F5439B1B43AC8A00DCE289 /* LaunchScreen.xib */; };
		86F543A91B43AC8A00DCE289 /* MeizhiTests.m in Sources */ = {isa = PBXBuildFile; fileRef = 86F543A81B43AC8A00DCE289 /* MeizhiTests.m */; };
		86F543B41B43B0F000DCE289 /* Meizhi.m in Sources */ = {isa = PBXBuildFile; fileRef = 86F543B31B43B0F000DCE289 /* Meizhi.m */; };
		A9172E11F4D8FB8E11059710 /* MeizhiStore.m in Sources */ = {isa = PBXBuildFile; fileRef = A9172DB62B5901D07A235BC2 /* MeizhiStore.m */; };
		A9172E34DBDE9CAF0C591273 /* Localizable.strings in Resources */ = {isa = PBXBuildFile; fileRef = A9172B529E476C2ECBE6ADD3 /* Localizable.strings */; };
		F0D732FD83764891761C2778 /* libPods.a in Frameworks */ = {isa = PBXBuildFile; fileRef = 4E4480226BDEF067AD32421D /* libPods.a */; };
/* End PBXBuildFile section */

/* Begin PBXContainerItemProxy section */
		86F543A31B43AC8A00DCE289 /* PBXContainerItemProxy */ = {
			isa = PBXContainerItemProxy;
			containerPortal = 86F5437B1B43AC8A00DCE289 /* Project object */;
			proxyType = 1;
			remoteGlobalIDString = 86F543821B43AC8A00DCE289;
			remoteInfo = MeiZhi;
		};
/* End PBXContainerItemProxy section */

/* Begin PBXFileReference section */
		19564E6C747450FB3B164184 /* Pods.debug.xcconfig */ = {isa = PBXFileReference; includeInIndex = 1; lastKnownFileType = text.xcconfig; name = Pods.debug.xcconfig; path = "Pods/Target Support Files/Pods/Pods.debug.xcconfig"; sourceTree = "<group>"; };
		4E4480226BDEF067AD32421D /* libPods.a */ = {isa = PBXFileReference; explicitFileType = archive.ar; includeInIndex = 0; path = libPods.a; sourceTree = BUILT_PRODUCTS_DIR; };
		5FC7DD968AF179966F61AADF /* Pods.release.xcconfig */ = {isa = PBXFileReference; includeInIndex = 1; lastKnownFileType = text.xcconfig; name = Pods.release.xcconfig; path = "Pods/Target Support Files/Pods/Pods.release.xcconfig"; sourceTree = "<group>"; };
		86884EE31B43D0960012BD68 /* MeizhiCell.h */ = {isa = PBXFileReference; fileEncoding = 4; lastKnownFileType = sourcecode.c.h; path = MeizhiCell.h; sourceTree = "<group>"; };
		86884EE41B43D0960012BD68 /* MeizhiCell.m */ = {isa = PBXFileReference; fileEncoding = 4; lastKnownFileType = sourcecode.c.objc; path = MeizhiCell.m; sourceTree = "<group>"; };
		86884EE91B43DE530012BD68 /* MeizhiCollectionViewController.h */ = {isa = PBXFileReference; fileEncoding = 4; lastKnownFileType = sourcecode.c.h; path = MeizhiCollectionViewController.h; sourceTree = "<group>"; };
		86884EEA1B43DE530012BD68 /* MeizhiCollectionViewController.m */ = {isa = PBXFileReference; fileEncoding = 4; lastKnownFileType = sourcecode.c.objc; path = MeizhiCollectionViewController.m; sourceTree = "<group>"; };
		86F543831B43AC8A00DCE289 /* MeiZhi.app */ = {isa = PBXFileReference; explicitFileType = wrapper.application; includeInIndex = 0; path = MeiZhi.app; sourceTree = BUILT_PRODUCTS_DIR; };
		86F543871B43AC8A00DCE289 /* Info.plist */ = {isa = PBXFileReference; lastKnownFileType = text.plist.info; path = Info.plist; sourceTree = "<group>"; };
		86F543881B43AC8A00DCE289 /* main.m */ = {isa = PBXFileReference; lastKnownFileType = sourcecode.c.objc; path = main.m; sourceTree = "<group>"; };
		86F5438A1B43AC8A00DCE289 /* AppDelegate.h */ = {isa = PBXFileReference; lastKnownFileType = sourcecode.c.h; path = AppDelegate.h; sourceTree = "<group>"; };
		86F5438B1B43AC8A00DCE289 /* AppDelegate.m */ = {isa = PBXFileReference; lastKnownFileType = sourcecode.c.objc; path = AppDelegate.m; sourceTree = "<group>"; };
		86F5438E1B43AC8A00DCE289 /* Meizhi.xcdatamodel */ = {isa = PBXFileReference; lastKnownFileType = wrapper.xcdatamodel; path = Meizhi.xcdatamodel; sourceTree = "<group>"; };
		86F543931B43AC8A00DCE289 /* DetailViewController.h */ = {isa = PBXFileReference; lastKnownFileType = sourcecode.c.h; path = DetailViewController.h; sourceTree = "<group>"; };
		86F543941B43AC8A00DCE289 /* DetailViewController.m */ = {isa = PBXFileReference; lastKnownFileType = sourcecode.c.objc; path = DetailViewController.m; sourceTree = "<group>"; };
		86F543991B43AC8A00DCE289 /* Images.xcassets */ = {isa = PBXFileReference; lastKnownFileType = folder.assetcatalog; path = Images.xcassets; sourceTree = "<group>"; };
		86F5439C1B43AC8A00DCE289 /* Base */ = {isa = PBXFileReference; lastKnownFileType = file.xib; name = Base; path = Base.lproj/LaunchScreen.xib; sourceTree = "<group>"; };
		86F543A21B43AC8A00DCE289 /* MeiZhiTests.xctest */ = {isa = PBXFileReference; explicitFileType = wrapper.cfbundle; includeInIndex = 0; path = MeiZhiTests.xctest; sourceTree = BUILT_PRODUCTS_DIR; };
		86F543A71B43AC8A00DCE289 /* Info.plist */ = {isa = PBXFileReference; lastKnownFileType = text.plist.info; path = Info.plist; sourceTree = "<group>"; };
		86F543A81B43AC8A00DCE289 /* MeizhiTests.m */ = {isa = PBXFileReference; lastKnownFileType = sourcecode.c.objc; path = MeizhiTests.m; sourceTree = "<group>"; };
		86F543B21B43B0F000DCE289 /* Meizhi.h */ = {isa = PBXFileReference; fileEncoding = 4; lastKnownFileType = sourcecode.c.h; path = Meizhi.h; sourceTree = "<group>"; };
		86F543B31B43B0F000DCE289 /* Meizhi.m */ = {isa = PBXFileReference; fileEncoding = 4; lastKnownFileType = sourcecode.c.objc; path = Meizhi.m; sourceTree = "<group>"; };
		A9172B529E476C2ECBE6ADD3 /* Localizable.strings */ = {isa = PBXFileReference; fileEncoding = 4; lastKnownFileType = text.plist.strings; path = Localizable.strings; sourceTree = "<group>"; };
		A9172CDDC33FD6833162FB0E /* MeizhiStore.h */ = {isa = PBXFileReference; fileEncoding = 4; lastKnownFileType = sourcecode.c.h; path = MeizhiStore.h; sourceTree = "<group>"; };
		A9172DB62B5901D07A235BC2 /* MeizhiStore.m */ = {isa = PBXFileReference; fileEncoding = 4; lastKnownFileType = sourcecode.c.objc; path = MeizhiStore.m; sourceTree = "<group>"; };
/* End PBXFileReference section */

/* Begin PBXFrameworksBuildPhase section */
		86F543801B43AC8A00DCE289 /* Frameworks */ = {
			isa = PBXFrameworksBuildPhase;
			buildActionMask = 2147483647;
			files = (
				F0D732FD83764891761C2778 /* libPods.a in Frameworks */,
			);
			runOnlyForDeploymentPostprocessing = 0;
		};
		86F5439F1B43AC8A00DCE289 /* Frameworks */ = {
			isa = PBXFrameworksBuildPhase;
			buildActionMask = 2147483647;
			files = (
			);
			runOnlyForDeploymentPostprocessing = 0;
		};
/* End PBXFrameworksBuildPhase section */

/* Begin PBXGroup section */
		86F5437A1B43AC8A00DCE289 = {
			isa = PBXGroup;
			children = (
				86F543851B43AC8A00DCE289 /* Meizhi */,
				86F543A51B43AC8A00DCE289 /* MeizhiTests */,
				86F543841B43AC8A00DCE289 /* Products */,
				C207CD85B4CEBCF0F1E1B418 /* Pods */,
				BC40D6362DB4DAC488BE782E /* Frameworks */,
			);
			sourceTree = "<group>";
		};
		86F543841B43AC8A00DCE289 /* Products */ = {
			isa = PBXGroup;
			children = (
				86F543831B43AC8A00DCE289 /* MeiZhi.app */,
				86F543A21B43AC8A00DCE289 /* MeiZhiTests.xctest */,
			);
			name = Products;
			sourceTree = "<group>";
		};
		86F543851B43AC8A00DCE289 /* Meizhi */ = {
			isa = PBXGroup;
			children = (
				86F5438A1B43AC8A00DCE289 /* AppDelegate.h */,
				86F5438B1B43AC8A00DCE289 /* AppDelegate.m */,
				86F543931B43AC8A00DCE289 /* DetailViewController.h */,
				86F543941B43AC8A00DCE289 /* DetailViewController.m */,
				86F543991B43AC8A00DCE289 /* Images.xcassets */,
				86F5439B1B43AC8A00DCE289 /* LaunchScreen.xib */,
				86F5438D1B43AC8A00DCE289 /* Meizhi.xcdatamodeld */,
				86F543861B43AC8A00DCE289 /* Supporting Files */,
				86F543B21B43B0F000DCE289 /* Meizhi.h */,
				86F543B31B43B0F000DCE289 /* Meizhi.m */,
				86884EE31B43D0960012BD68 /* MeizhiCell.h */,
				86884EE41B43D0960012BD68 /* MeizhiCell.m */,
				86884EE91B43DE530012BD68 /* MeizhiCollectionViewController.h */,
				86884EEA1B43DE530012BD68 /* MeizhiCollectionViewController.m */,
				A9172DB62B5901D07A235BC2 /* MeizhiStore.m */,
				A9172CDDC33FD6833162FB0E /* MeizhiStore.h */,
				A9172B529E476C2ECBE6ADD3 /* Localizable.strings */,
			);
			path = Meizhi;
			sourceTree = "<group>";
		};
		86F543861B43AC8A00DCE289 /* Supporting Files */ = {
			isa = PBXGroup;
			children = (
				86F543871B43AC8A00DCE289 /* Info.plist */,
				86F543881B43AC8A00DCE289 /* main.m */,
			);
			name = "Supporting Files";
			sourceTree = "<group>";
		};
		86F543A51B43AC8A00DCE289 /* MeizhiTests */ = {
			isa = PBXGroup;
			children = (
				86F543A81B43AC8A00DCE289 /* MeizhiTests.m */,
				86F543A61B43AC8A00DCE289 /* Supporting Files */,
			);
			path = MeizhiTests;
			sourceTree = "<group>";
		};
		86F543A61B43AC8A00DCE289 /* Supporting Files */ = {
			isa = PBXGroup;
			children = (
				86F543A71B43AC8A00DCE289 /* Info.plist */,
			);
			name = "Supporting Files";
			sourceTree = "<group>";
		};
		BC40D6362DB4DAC488BE782E /* Frameworks */ = {
			isa = PBXGroup;
			children = (
				4E4480226BDEF067AD32421D /* libPods.a */,
			);
			name = Frameworks;
			sourceTree = "<group>";
		};
		C207CD85B4CEBCF0F1E1B418 /* Pods */ = {
			isa = PBXGroup;
			children = (
				19564E6C747450FB3B164184 /* Pods.debug.xcconfig */,
				5FC7DD968AF179966F61AADF /* Pods.release.xcconfig */,
			);
			name = Pods;
			sourceTree = "<group>";
		};
/* End PBXGroup section */

/* Begin PBXNativeTarget section */
		86F543821B43AC8A00DCE289 /* MeiZhi */ = {
			isa = PBXNativeTarget;
			buildConfigurationList = 86F543AC1B43AC8A00DCE289 /* Build configuration list for PBXNativeTarget "MeiZhi" */;
			buildPhases = (
				B3C321ED05B3F1319535055A /* Check Pods Manifest.lock */,
				86F5437F1B43AC8A00DCE289 /* Sources */,
				86F543801B43AC8A00DCE289 /* Frameworks */,
				86F543811B43AC8A00DCE289 /* Resources */,
				3E46E6144656CFD584B3987F /* Copy Pods Resources */,
			);
			buildRules = (
			);
			dependencies = (
			);
			name = MeiZhi;
			productName = MeiZhi;
			productReference = 86F543831B43AC8A00DCE289 /* MeiZhi.app */;
			productType = "com.apple.product-type.application";
		};
		86F543A11B43AC8A00DCE289 /* MeiZhiTests */ = {
			isa = PBXNativeTarget;
			buildConfigurationList = 86F543AF1B43AC8A00DCE289 /* Build configuration list for PBXNativeTarget "MeiZhiTests" */;
			buildPhases = (
				86F5439E1B43AC8A00DCE289 /* Sources */,
				86F5439F1B43AC8A00DCE289 /* Frameworks */,
				86F543A01B43AC8A00DCE289 /* Resources */,
			);
			buildRules = (
			);
			dependencies = (
				86F543A41B43AC8A00DCE289 /* PBXTargetDependency */,
			);
			name = MeiZhiTests;
			productName = MeiZhiTests;
			productReference = 86F543A21B43AC8A00DCE289 /* MeiZhiTests.xctest */;
			productType = "com.apple.product-type.bundle.unit-test";
		};
/* End PBXNativeTarget section */

/* Begin PBXProject section */
		86F5437B1B43AC8A00DCE289 /* Project object */ = {
			isa = PBXProject;
			attributes = {
				LastUpgradeCheck = 0630;
				ORGANIZATIONNAME = "张林";
				TargetAttributes = {
					86F543821B43AC8A00DCE289 = {
						CreatedOnToolsVersion = 6.3.2;
					};
					86F543A11B43AC8A00DCE289 = {
						CreatedOnToolsVersion = 6.3.2;
						TestTargetID = 86F543821B43AC8A00DCE289;
					};
				};
			};
			buildConfigurationList = 86F5437E1B43AC8A00DCE289 /* Build configuration list for PBXProject "Meizhi" */;
			compatibilityVersion = "Xcode 3.2";
			developmentRegion = English;
			hasScannedForEncodings = 0;
			knownRegions = (
				en,
				Base,
			);
			mainGroup = 86F5437A1B43AC8A00DCE289;
			productRefGroup = 86F543841B43AC8A00DCE289 /* Products */;
			projectDirPath = "";
			projectRoot = "";
			targets = (
				86F543821B43AC8A00DCE289 /* MeiZhi */,
				86F543A11B43AC8A00DCE289 /* MeiZhiTests */,
			);
		};
/* End PBXProject section */

/* Begin PBXResourcesBuildPhase section */
		86F543811B43AC8A00DCE289 /* Resources */ = {
			isa = PBXResourcesBuildPhase;
			buildActionMask = 2147483647;
			files = (
				86F5439D1B43AC8A00DCE289 /* LaunchScreen.xib in Resources */,
				86F5439A1B43AC8A00DCE289 /* Images.xcassets in Resources */,
				A9172E34DBDE9CAF0C591273 /* Localizable.strings in Resources */,
			);
			runOnlyForDeploymentPostprocessing = 0;
		};
		86F543A01B43AC8A00DCE289 /* Resources */ = {
			isa = PBXResourcesBuildPhase;
			buildActionMask = 2147483647;
			files = (
			);
			runOnlyForDeploymentPostprocessing = 0;
		};
/* End PBXResourcesBuildPhase section */

/* Begin PBXShellScriptBuildPhase section */
		3E46E6144656CFD584B3987F /* Copy Pods Resources */ = {
			isa = PBXShellScriptBuildPhase;
			buildActionMask = 2147483647;
			files = (
			);
			inputPaths = (
			);
			name = "Copy Pods Resources";
			outputPaths = (
			);
			runOnlyForDeploymentPostprocessing = 0;
			shellPath = /bin/sh;
			shellScript = "\"${SRCROOT}/Pods/Target Support Files/Pods/Pods-resources.sh\"\n";
			showEnvVarsInLog = 0;
		};
		B3C321ED05B3F1319535055A /* Check Pods Manifest.lock */ = {
			isa = PBXShellScriptBuildPhase;
			buildActionMask = 2147483647;
			files = (
			);
			inputPaths = (
			);
			name = "Check Pods Manifest.lock";
			outputPaths = (
			);
			runOnlyForDeploymentPostprocessing = 0;
			shellPath = /bin/sh;
			shellScript = "diff \"${PODS_ROOT}/../Podfile.lock\" \"${PODS_ROOT}/Manifest.lock\" > /dev/null\nif [[ $? != 0 ]] ; then\n    cat << EOM\nerror: The sandbox is not in sync with the Podfile.lock. Run 'pod install' or update your CocoaPods installation.\nEOM\n    exit 1\nfi\n";
			showEnvVarsInLog = 0;
		};
/* End PBXShellScriptBuildPhase section */

/* Begin PBXSourcesBuildPhase section */
		86F5437F1B43AC8A00DCE289 /* Sources */ = {
			isa = PBXSourcesBuildPhase;
			buildActionMask = 2147483647;
			files = (
				86884EE51B43D0960012BD68 /* MeizhiCell.m in Sources */,
				86F543951B43AC8A00DCE289 /* DetailViewController.m in Sources */,
				86884EEB1B43DE530012BD68 /* MeizhiCollectionViewController.m in Sources */,
				86F543B41B43B0F000DCE289 /* Meizhi.m in Sources */,
				86F5438C1B43AC8A00DCE289 /* AppDelegate.m in Sources */,
				86F543891B43AC8A00DCE289 /* main.m in Sources */,
				86F5438F1B43AC8A00DCE289 /* Meizhi.xcdatamodeld in Sources */,
				A9172E11F4D8FB8E11059710 /* MeizhiStore.m in Sources */,
			);
			runOnlyForDeploymentPostprocessing = 0;
		};
		86F5439E1B43AC8A00DCE289 /* Sources */ = {
			isa = PBXSourcesBuildPhase;
			buildActionMask = 2147483647;
			files = (
				86F543A91B43AC8A00DCE289 /* MeizhiTests.m in Sources */,
			);
			runOnlyForDeploymentPostprocessing = 0;
		};
/* End PBXSourcesBuildPhase section */

/* Begin PBXTargetDependency section */
		86F543A41B43AC8A00DCE289 /* PBXTargetDependency */ = {
			isa = PBXTargetDependency;
			target = 86F543821B43AC8A00DCE289 /* MeiZhi */;
			targetProxy = 86F543A31B43AC8A00DCE289 /* PBXContainerItemProxy */;
		};
/* End PBXTargetDependency section */

/* Begin PBXVariantGroup section */
		86F5439B1B43AC8A00DCE289 /* LaunchScreen.xib */ = {
			isa = PBXVariantGroup;
			children = (
				86F5439C1B43AC8A00DCE289 /* Base */,
			);
			name = LaunchScreen.xib;
			sourceTree = "<group>";
		};
/* End PBXVariantGroup section */

/* Begin XCBuildConfiguration section */
		86F543AA1B43AC8A00DCE289 /* Debug */ = {
			isa = XCBuildConfiguration;
			buildSettings = {
				ALWAYS_SEARCH_USER_PATHS = NO;
				CLANG_CXX_LANGUAGE_STANDARD = "gnu++0x";
				CLANG_CXX_LIBRARY = "libc++";
				CLANG_ENABLE_MODULES = YES;
				CLANG_ENABLE_OBJC_ARC = YES;
				CLANG_WARN_BOOL_CONVERSION = YES;
				CLANG_WARN_CONSTANT_CONVERSION = YES;
				CLANG_WARN_DIRECT_OBJC_ISA_USAGE = YES_ERROR;
				CLANG_WARN_EMPTY_BODY = YES;
				CLANG_WARN_ENUM_CONVERSION = YES;
				CLANG_WARN_INT_CONVERSION = YES;
				CLANG_WARN_OBJC_ROOT_CLASS = YES_ERROR;
				CLANG_WARN_UNREACHABLE_CODE = YES;
				CLANG_WARN__DUPLICATE_METHOD_MATCH = YES;
				"CODE_SIGN_IDENTITY[sdk=iphoneos*]" = "iPhone Developer";
				COPY_PHASE_STRIP = NO;
				DEBUG_INFORMATION_FORMAT = "dwarf-with-dsym";
				ENABLE_STRICT_OBJC_MSGSEND = YES;
				GCC_C_LANGUAGE_STANDARD = gnu99;
				GCC_DYNAMIC_NO_PIC = NO;
				GCC_NO_COMMON_BLOCKS = YES;
				GCC_OPTIMIZATION_LEVEL = 0;
				GCC_PREPROCESSOR_DEFINITIONS = (
					"DEBUG=1",
					"$(inherited)",
				);
				GCC_SYMBOLS_PRIVATE_EXTERN = NO;
				GCC_WARN_64_TO_32_BIT_CONVERSION = YES;
				GCC_WARN_ABOUT_RETURN_TYPE = YES_ERROR;
				GCC_WARN_UNDECLARED_SELECTOR = YES;
				GCC_WARN_UNINITIALIZED_AUTOS = YES_AGGRESSIVE;
				GCC_WARN_UNUSED_FUNCTION = YES;
				GCC_WARN_UNUSED_VARIABLE = YES;
				IPHONEOS_DEPLOYMENT_TARGET = 6.0;
				MTL_ENABLE_DEBUG_INFO = YES;
				ONLY_ACTIVE_ARCH = YES;
				SDKROOT = iphoneos;
				TARGETED_DEVICE_FAMILY = "1,2";
			};
			name = Debug;
		};
		86F543AB1B43AC8A00DCE289 /* Release */ = {
			isa = XCBuildConfiguration;
			buildSettings = {
				ALWAYS_SEARCH_USER_PATHS = NO;
				CLANG_CXX_LANGUAGE_STANDARD = "gnu++0x";
				CLANG_CXX_LIBRARY = "libc++";
				CLANG_ENABLE_MODULES = YES;
				CLANG_ENABLE_OBJC_ARC = YES;
				CLANG_WARN_BOOL_CONVERSION = YES;
				CLANG_WARN_CONSTANT_CONVERSION = YES;
				CLANG_WARN_DIRECT_OBJC_ISA_USAGE = YES_ERROR;
				CLANG_WARN_EMPTY_BODY = YES;
				CLANG_WARN_ENUM_CONVERSION = YES;
				CLANG_WARN_INT_CONVERSION = YES;
				CLANG_WARN_OBJC_ROOT_CLASS = YES_ERROR;
				CLANG_WARN_UNREACHABLE_CODE = YES;
				CLANG_WARN__DUPLICATE_METHOD_MATCH = YES;
				"CODE_SIGN_IDENTITY[sdk=iphoneos*]" = "iPhone Developer";
				COPY_PHASE_STRIP = NO;
				DEBUG_INFORMATION_FORMAT = "dwarf-with-dsym";
				ENABLE_NS_ASSERTIONS = NO;
				ENABLE_STRICT_OBJC_MSGSEND = YES;
				GCC_C_LANGUAGE_STANDARD = gnu99;
				GCC_NO_COMMON_BLOCKS = YES;
				GCC_WARN_64_TO_32_BIT_CONVERSION = YES;
				GCC_WARN_ABOUT_RETURN_TYPE = YES_ERROR;
				GCC_WARN_UNDECLARED_SELECTOR = YES;
				GCC_WARN_UNINITIALIZED_AUTOS = YES_AGGRESSIVE;
				GCC_WARN_UNUSED_FUNCTION = YES;
				GCC_WARN_UNUSED_VARIABLE = YES;
				IPHONEOS_DEPLOYMENT_TARGET = 6.0;
				MTL_ENABLE_DEBUG_INFO = NO;
				SDKROOT = iphoneos;
				TARGETED_DEVICE_FAMILY = "1,2";
				VALIDATE_PRODUCT = YES;
			};
			name = Release;
		};
		86F543AD1B43AC8A00DCE289 /* Debug */ = {
			isa = XCBuildConfiguration;
			baseConfigurationReference = 19564E6C747450FB3B164184 /* Pods.debug.xcconfig */;
			buildSettings = {
				ASSETCATALOG_COMPILER_APPICON_NAME = AppIcon;
				INFOPLIST_FILE = MeiZhi/Info.plist;
				LD_RUNPATH_SEARCH_PATHS = "$(inherited) @executable_path/Frameworks";
				PRODUCT_NAME = "$(TARGET_NAME)";
				USER_HEADER_SEARCH_PATHS = "\"${PROJECT_DIR}/Pods\"/**";
			};
			name = Debug;
		};
		86F543AE1B43AC8A00DCE289 /* Release */ = {
			isa = XCBuildConfiguration;
			baseConfigurationReference = 5FC7DD968AF179966F61AADF /* Pods.release.xcconfig */;
			buildSettings = {
				ASSETCATALOG_COMPILER_APPICON_NAME = AppIcon;
				INFOPLIST_FILE = MeiZhi/Info.plist;
				LD_RUNPATH_SEARCH_PATHS = "$(inherited) @executable_path/Frameworks";
				PRODUCT_NAME = "$(TARGET_NAME)";
				USER_HEADER_SEARCH_PATHS = "\"${PROJECT_DIR}/Pods\"/**";
			};
			name = Release;
		};
		86F543B01B43AC8A00DCE289 /* Debug */ = {
			isa = XCBuildConfiguration;
			buildSettings = {
				BUNDLE_LOADER = "$(TEST_HOST)";
				FRAMEWORK_SEARCH_PATHS = (
					"$(SDKROOT)/Developer/Library/Frameworks",
					"$(inherited)",
				);
				GCC_PREPROCESSOR_DEFINITIONS = (
					"DEBUG=1",
					"$(inherited)",
				);
				INFOPLIST_FILE = MeiZhiTests/Info.plist;
				LD_RUNPATH_SEARCH_PATHS = "$(inherited) @executable_path/Frameworks @loader_path/Frameworks";
				PRODUCT_NAME = "$(TARGET_NAME)";
				TEST_HOST = "$(BUILT_PRODUCTS_DIR)/MeiZhi.app/MeiZhi";
			};
			name = Debug;
		};
		86F543B11B43AC8A00DCE289 /* Release */ = {
			isa = XCBuildConfiguration;
			buildSettings = {
				BUNDLE_LOADER = "$(TEST_HOST)";
				FRAMEWORK_SEARCH_PATHS = (
					"$(SDKROOT)/Developer/Library/Frameworks",
					"$(inherited)",
				);
				INFOPLIST_FILE = MeiZhiTests/Info.plist;
				LD_RUNPATH_SEARCH_PATHS = "$(inherited) @executable_path/Frameworks @loader_path/Frameworks";
				PRODUCT_NAME = "$(TARGET_NAME)";
				TEST_HOST = "$(BUILT_PRODUCTS_DIR)/MeiZhi.app/MeiZhi";
			};
			name = Release;
		};
/* End XCBuildConfiguration section */

/* Begin XCConfigurationList section */
		86F5437E1B43AC8A00DCE289 /* Build configuration list for PBXProject "Meizhi" */ = {
			isa = XCConfigurationList;
			buildConfigurations = (
				86F543AA1B43AC8A00DCE289 /* Debug */,
				86F543AB1B43AC8A00DCE289 /* Release */,
			);
			defaultConfigurationIsVisible = 0;
			defaultConfigurationName = Release;
		};
		86F543AC1B43AC8A00DCE289 /* Build configuration list for PBXNativeTarget "MeiZhi" */ = {
			isa = XCConfigurationList;
			buildConfigurations = (
				86F543AD1B43AC8A00DCE289 /* Debug */,
				86F543AE1B43AC8A00DCE289 /* Release */,
			);
			defaultConfigurationIsVisible = 0;
			defaultConfigurationName = Release;
		};
		86F543AF1B43AC8A00DCE289 /* Build configuration list for PBXNativeTarget "MeiZhiTests" */ = {
			isa = XCConfigurationList;
			buildConfigurations = (
				86F543B01B43AC8A00DCE289 /* Debug */,
				86F543B11B43AC8A00DCE289 /* Release */,
			);
			defaultConfigurationIsVisible = 0;
			defaultConfigurationName = Release;
		};
/* End XCConfigurationList section */

/* Begin XCVersionGroup section */
		86F5438D1B43AC8A00DCE289 /* Meizhi.xcdatamodeld */ = {
			isa = XCVersionGroup;
			children = (
				86F5438E1B43AC8A00DCE289 /* Meizhi.xcdatamodel */,
			);
			currentVersion = 86F5438E1B43AC8A00DCE289 /* Meizhi.xcdatamodel */;
			path = Meizhi.xcdatamodeld;
			sourceTree = "<group>";
			versionGroupType = wrapper.xcdatamodel;
		};
/* End XCVersionGroup section */
	};
	rootObject = 86F5437B1B43AC8A00DCE289 /* Project object */;
}
